
Microsoft Visual Studio Solution File, Format Version 12.00
# Visual Studio Version 17
VisualStudioVersion = 17.11.35303.130
MinimumVisualStudioVersion = 10.0.40219.1
Project("{9A19103F-16F7-4668-BE54-9A1E7A4F7556}") = "Lecture2", "Lecture2\Lecture2.csproj", "{154AF05B-D41A-4B24-9F22-F57D11D99F18}"
EndProject
Project("{9A19103F-16F7-4668-BE54-9A1E7A4F7556}") = "Lecture3", "Lecture3\Lecture3.csproj", "{3279A8C2-0F8C-47BD-9A71-A085AE65D364}"
EndProject
Project("{9A19103F-16F7-4668-BE54-9A1E7A4F7556}") = "Lecture4", "Lecture4\Lecture4.csproj", "{18ECAADB-7010-41F1-B60A-DC6B76091E98}"
EndProject
Project("{9A19103F-16F7-4668-BE54-9A1E7A4F7556}") = "Lecture5", "Lecture5\Lecture5.csproj", "{BEEB6F81-6B4C-4091-85DA-0AE56D205831}"
EndProject
Project("{9A19103F-16F7-4668-BE54-9A1E7A4F7556}") = "Lecture6", "Lecture6\Lecture6.csproj", "{AB016271-027D-4EEF-9756-37017958254E}"
EndProject
Project("{9A19103F-16F7-4668-BE54-9A1E7A4F7556}") = "Lecture7", "Lecture7\Lecture7.csproj", "{47234CB7-D66D-47BB-A128-F40F308D6099}"
EndProject
Project("{9A19103F-16F7-4668-BE54-9A1E7A4F7556}") = "Lecture8", "Lecture8\Lecture8.csproj", "{C710C6C3-F1CD-451D-BBE3-700E68E520BB}"
EndProject
Project("{9A19103F-16F7-4668-BE54-9A1E7A4F7556}") = "Lecture9", "Lecture9\Lecture9.csproj", "{86EE5B69-AC95-4E73-B203-5DF1FC80D072}"
EndProject
Project("{9A19103F-16F7-4668-BE54-9A1E7A4F7556}") = "Lecture10", "Lecture10\Lecture10.csproj", "{232B6571-0C8C-4BA7-BF36-C7E9311D127E}"
EndProject
Project("{9A19103F-16F7-4668-BE54-9A1E7A4F7556}") = "Lecture11", "Lecture11\Lecture11.csproj", "{62C60398-4BA1-4292-887D-070CA75B7636}"
EndProject
Project("{9A19103F-16F7-4668-BE54-9A1E7A4F7556}") = "Lecture12", "Lecture12\Lecture12.csproj", "{D39AD5F3-8376-4645-A23E-648494E442AA}"
EndProject
Project("{9A19103F-16F7-4668-BE54-9A1E7A4F7556}") = "Lecture13", "Lecture13\Lecture13.csproj", "{78D1815F-E3A1-4027-9F93-CB4AB9CEF032}"
EndProject
Project("{9A19103F-16F7-4668-BE54-9A1E7A4F7556}") = "Lecture14", "Lecture14\Lecture14.csproj", "{717B6317-EA3C-40F0-9A3B-B4B8A19BE231}"
EndProject
Project("{9A19103F-16F7-4668-BE54-9A1E7A4F7556}") = "Lecture15", "Lecture15\Lecture15.csproj", "{A7B54D51-F164-4EC6-BEB2-D277FD23FEA2}"
EndProject
Project("{9A19103F-16F7-4668-BE54-9A1E7A4F7556}") = "Lecture16", "Lecture16\Lecture16.csproj", "{68DB68E4-25C8-4C0B-BCD3-B6E5580E56EA}"
EndProject
Project("{9A19103F-16F7-4668-BE54-9A1E7A4F7556}") = "MyAlgorithms", "MyAlgorithms\MyAlgorithms.csproj", "{A14FCE47-1E07-4121-B397-D89218B7006F}"
EndProject
Project("{9A19103F-16F7-4668-BE54-9A1E7A4F7556}") = "MyAlgorithms.Tests", "MyAlgorithms.Tests\MyAlgorithms.Tests.csproj", "{D9A213E5-5A07-4C98-883F-583AE07EE120}"
EndProject
Project("{2150E333-8FDC-42A3-9474-1A3956D46DE8}") = "MiniBank", "MiniBank", "{0BDC1BDA-39B1-4C34-AE19-86DCA5D44EC8}"
EndProject
Project("{9A19103F-16F7-4668-BE54-9A1E7A4F7556}") = "MiniBank.Models", "MiniBank.Models\MiniBank.Models.csproj", "{42BF0D0D-6C2F-462B-BFFC-6CB6848FC5FB}"
EndProject
Project("{9A19103F-16F7-4668-BE54-9A1E7A4F7556}") = "MiniBank.Repository", "MiniBank.Repository\MiniBank.Repository.csproj", "{42A9E820-77F3-42C6-8FBF-A06F49A94138}"
EndProject
Project("{9A19103F-16F7-4668-BE54-9A1E7A4F7556}") = "MiniBank.Tests", "MiniBank.Tests\MiniBank.Tests.csproj", "{52F4FF9E-9114-4FBB-B3B5-105E811E716A}"
EndProject
Project("{FAE04EC0-301F-11D3-BF4B-00C04F79EFBC}") = "Lecture-18", "Lecture-18\Lecture-18.csproj", "{F8545478-545E-413E-AC4F-839315063B8F}"
EndProject
Project("{FAE04EC0-301F-11D3-BF4B-00C04F79EFBC}") = "Lecture19", "Lecture19\Lecture19.csproj", "{0840D339-BC53-45FF-8750-F485A95781FB}"
EndProject
Project("{FAE04EC0-301F-11D3-BF4B-00C04F79EFBC}") = "Lecture21", "Lecture21\Lecture21.csproj", "{8644B63F-D703-4CAF-88A1-4F9D6A24E751}"
EndProject
Project("{FAE04EC0-301F-11D3-BF4B-00C04F79EFBC}") = "Lecture22", "Lecture22\Lecture22.csproj", "{6E3582FA-B4CD-46A9-AB0B-B86AF03607D6}"
EndProject
Project("{FAE04EC0-301F-11D3-BF4B-00C04F79EFBC}") = "Lecture23", "Lecture23\Lecture23.csproj", "{65B4CA4C-FF82-4A47-80CE-7D8B3ED254A5}"
EndProject
Project("{FAE04EC0-301F-11D3-BF4B-00C04F79EFBC}") = "MiniBank.API", "MiniBank.API\MiniBank.API.csproj", "{774440E6-8351-4006-81BB-E57BA8317271}"
EndProject
Project("{FAE04EC0-301F-11D3-BF4B-00C04F79EFBC}") = "Example.API", "Example.API\Example.API.csproj", "{96EC70E3-94F5-4BDB-8FA4-7DEDC18A9803}"
EndProject
Project("{FAE04EC0-301F-11D3-BF4B-00C04F79EFBC}") = "MiniBank.Services", "MiniBank.Services\MiniBank.Services.csproj", "{F1A84F4F-ACBB-4A43-986E-523CDB0E3DE1}"
EndProject
Project("{2150E333-8FDC-42A3-9474-1A3956D46DE8}") = "University", "University", "{0BFF8163-6DCB-487A-B86D-DC35FF5E2C77}"
EndProject
Project("{FAE04EC0-301F-11D3-BF4B-00C04F79EFBC}") = "University.API", "University.API\University.API.csproj", "{6AE6D519-BB85-4C8D-B5D4-7686AD7D1AC0}"
EndProject
Project("{FAE04EC0-301F-11D3-BF4B-00C04F79EFBC}") = "University.Models", "University.Models\University.Models.csproj", "{C0110757-62CC-4A18-BE6E-E678CA078B5E}"
EndProject
Project("{FAE04EC0-301F-11D3-BF4B-00C04F79EFBC}") = "University.Repository", "University.Repository\University.Repository.csproj", "{9E955073-DBC5-462C-A2EA-70E30D8CC4B9}"
EndProject
Project("{FAE04EC0-301F-11D3-BF4B-00C04F79EFBC}") = "University.Service", "University.Service\University.Service.csproj", "{E07395FA-CF96-49AF-A72E-E94AF87A5AB3}"
EndProject
Global
	GlobalSection(SolutionConfigurationPlatforms) = preSolution
		Debug|Any CPU = Debug|Any CPU
		Release|Any CPU = Release|Any CPU
	EndGlobalSection
	GlobalSection(ProjectConfigurationPlatforms) = postSolution
		{154AF05B-D41A-4B24-9F22-F57D11D99F18}.Debug|Any CPU.ActiveCfg = Debug|Any CPU
		{154AF05B-D41A-4B24-9F22-F57D11D99F18}.Debug|Any CPU.Build.0 = Debug|Any CPU
		{154AF05B-D41A-4B24-9F22-F57D11D99F18}.Release|Any CPU.ActiveCfg = Release|Any CPU
		{154AF05B-D41A-4B24-9F22-F57D11D99F18}.Release|Any CPU.Build.0 = Release|Any CPU
		{3279A8C2-0F8C-47BD-9A71-A085AE65D364}.Debug|Any CPU.ActiveCfg = Debug|Any CPU
		{3279A8C2-0F8C-47BD-9A71-A085AE65D364}.Debug|Any CPU.Build.0 = Debug|Any CPU
		{3279A8C2-0F8C-47BD-9A71-A085AE65D364}.Release|Any CPU.ActiveCfg = Release|Any CPU
		{3279A8C2-0F8C-47BD-9A71-A085AE65D364}.Release|Any CPU.Build.0 = Release|Any CPU
		{18ECAADB-7010-41F1-B60A-DC6B76091E98}.Debug|Any CPU.ActiveCfg = Debug|Any CPU
		{18ECAADB-7010-41F1-B60A-DC6B76091E98}.Debug|Any CPU.Build.0 = Debug|Any CPU
		{18ECAADB-7010-41F1-B60A-DC6B76091E98}.Release|Any CPU.ActiveCfg = Release|Any CPU
		{18ECAADB-7010-41F1-B60A-DC6B76091E98}.Release|Any CPU.Build.0 = Release|Any CPU
		{BEEB6F81-6B4C-4091-85DA-0AE56D205831}.Debug|Any CPU.ActiveCfg = Debug|Any CPU
		{BEEB6F81-6B4C-4091-85DA-0AE56D205831}.Debug|Any CPU.Build.0 = Debug|Any CPU
		{BEEB6F81-6B4C-4091-85DA-0AE56D205831}.Release|Any CPU.ActiveCfg = Release|Any CPU
		{BEEB6F81-6B4C-4091-85DA-0AE56D205831}.Release|Any CPU.Build.0 = Release|Any CPU
		{AB016271-027D-4EEF-9756-37017958254E}.Debug|Any CPU.ActiveCfg = Debug|Any CPU
		{AB016271-027D-4EEF-9756-37017958254E}.Debug|Any CPU.Build.0 = Debug|Any CPU
		{AB016271-027D-4EEF-9756-37017958254E}.Release|Any CPU.ActiveCfg = Release|Any CPU
		{AB016271-027D-4EEF-9756-37017958254E}.Release|Any CPU.Build.0 = Release|Any CPU
		{47234CB7-D66D-47BB-A128-F40F308D6099}.Debug|Any CPU.ActiveCfg = Debug|Any CPU
		{47234CB7-D66D-47BB-A128-F40F308D6099}.Debug|Any CPU.Build.0 = Debug|Any CPU
		{47234CB7-D66D-47BB-A128-F40F308D6099}.Release|Any CPU.ActiveCfg = Release|Any CPU
		{47234CB7-D66D-47BB-A128-F40F308D6099}.Release|Any CPU.Build.0 = Release|Any CPU
		{C710C6C3-F1CD-451D-BBE3-700E68E520BB}.Debug|Any CPU.ActiveCfg = Debug|Any CPU
		{C710C6C3-F1CD-451D-BBE3-700E68E520BB}.Debug|Any CPU.Build.0 = Debug|Any CPU
		{C710C6C3-F1CD-451D-BBE3-700E68E520BB}.Release|Any CPU.ActiveCfg = Release|Any CPU
		{C710C6C3-F1CD-451D-BBE3-700E68E520BB}.Release|Any CPU.Build.0 = Release|Any CPU
		{86EE5B69-AC95-4E73-B203-5DF1FC80D072}.Debug|Any CPU.ActiveCfg = Debug|Any CPU
		{86EE5B69-AC95-4E73-B203-5DF1FC80D072}.Debug|Any CPU.Build.0 = Debug|Any CPU
		{86EE5B69-AC95-4E73-B203-5DF1FC80D072}.Release|Any CPU.ActiveCfg = Release|Any CPU
		{86EE5B69-AC95-4E73-B203-5DF1FC80D072}.Release|Any CPU.Build.0 = Release|Any CPU
		{232B6571-0C8C-4BA7-BF36-C7E9311D127E}.Debug|Any CPU.ActiveCfg = Debug|Any CPU
		{232B6571-0C8C-4BA7-BF36-C7E9311D127E}.Debug|Any CPU.Build.0 = Debug|Any CPU
		{232B6571-0C8C-4BA7-BF36-C7E9311D127E}.Release|Any CPU.ActiveCfg = Release|Any CPU
		{232B6571-0C8C-4BA7-BF36-C7E9311D127E}.Release|Any CPU.Build.0 = Release|Any CPU
		{62C60398-4BA1-4292-887D-070CA75B7636}.Debug|Any CPU.ActiveCfg = Debug|Any CPU
		{62C60398-4BA1-4292-887D-070CA75B7636}.Debug|Any CPU.Build.0 = Debug|Any CPU
		{62C60398-4BA1-4292-887D-070CA75B7636}.Release|Any CPU.ActiveCfg = Release|Any CPU
		{62C60398-4BA1-4292-887D-070CA75B7636}.Release|Any CPU.Build.0 = Release|Any CPU
		{D39AD5F3-8376-4645-A23E-648494E442AA}.Debug|Any CPU.ActiveCfg = Debug|Any CPU
		{D39AD5F3-8376-4645-A23E-648494E442AA}.Debug|Any CPU.Build.0 = Debug|Any CPU
		{D39AD5F3-8376-4645-A23E-648494E442AA}.Release|Any CPU.ActiveCfg = Release|Any CPU
		{D39AD5F3-8376-4645-A23E-648494E442AA}.Release|Any CPU.Build.0 = Release|Any CPU
		{78D1815F-E3A1-4027-9F93-CB4AB9CEF032}.Debug|Any CPU.ActiveCfg = Debug|Any CPU
		{78D1815F-E3A1-4027-9F93-CB4AB9CEF032}.Debug|Any CPU.Build.0 = Debug|Any CPU
		{78D1815F-E3A1-4027-9F93-CB4AB9CEF032}.Release|Any CPU.ActiveCfg = Release|Any CPU
		{78D1815F-E3A1-4027-9F93-CB4AB9CEF032}.Release|Any CPU.Build.0 = Release|Any CPU
		{717B6317-EA3C-40F0-9A3B-B4B8A19BE231}.Debug|Any CPU.ActiveCfg = Debug|Any CPU
		{717B6317-EA3C-40F0-9A3B-B4B8A19BE231}.Debug|Any CPU.Build.0 = Debug|Any CPU
		{717B6317-EA3C-40F0-9A3B-B4B8A19BE231}.Release|Any CPU.ActiveCfg = Release|Any CPU
		{717B6317-EA3C-40F0-9A3B-B4B8A19BE231}.Release|Any CPU.Build.0 = Release|Any CPU
		{A7B54D51-F164-4EC6-BEB2-D277FD23FEA2}.Debug|Any CPU.ActiveCfg = Debug|Any CPU
		{A7B54D51-F164-4EC6-BEB2-D277FD23FEA2}.Debug|Any CPU.Build.0 = Debug|Any CPU
		{A7B54D51-F164-4EC6-BEB2-D277FD23FEA2}.Release|Any CPU.ActiveCfg = Release|Any CPU
		{A7B54D51-F164-4EC6-BEB2-D277FD23FEA2}.Release|Any CPU.Build.0 = Release|Any CPU
		{68DB68E4-25C8-4C0B-BCD3-B6E5580E56EA}.Debug|Any CPU.ActiveCfg = Debug|Any CPU
		{68DB68E4-25C8-4C0B-BCD3-B6E5580E56EA}.Debug|Any CPU.Build.0 = Debug|Any CPU
		{68DB68E4-25C8-4C0B-BCD3-B6E5580E56EA}.Release|Any CPU.ActiveCfg = Release|Any CPU
		{68DB68E4-25C8-4C0B-BCD3-B6E5580E56EA}.Release|Any CPU.Build.0 = Release|Any CPU
		{A14FCE47-1E07-4121-B397-D89218B7006F}.Debug|Any CPU.ActiveCfg = Debug|Any CPU
		{A14FCE47-1E07-4121-B397-D89218B7006F}.Debug|Any CPU.Build.0 = Debug|Any CPU
		{A14FCE47-1E07-4121-B397-D89218B7006F}.Release|Any CPU.ActiveCfg = Release|Any CPU
		{A14FCE47-1E07-4121-B397-D89218B7006F}.Release|Any CPU.Build.0 = Release|Any CPU
		{D9A213E5-5A07-4C98-883F-583AE07EE120}.Debug|Any CPU.ActiveCfg = Debug|Any CPU
		{D9A213E5-5A07-4C98-883F-583AE07EE120}.Debug|Any CPU.Build.0 = Debug|Any CPU
		{D9A213E5-5A07-4C98-883F-583AE07EE120}.Release|Any CPU.ActiveCfg = Release|Any CPU
		{D9A213E5-5A07-4C98-883F-583AE07EE120}.Release|Any CPU.Build.0 = Release|Any CPU
		{42BF0D0D-6C2F-462B-BFFC-6CB6848FC5FB}.Debug|Any CPU.ActiveCfg = Debug|Any CPU
		{42BF0D0D-6C2F-462B-BFFC-6CB6848FC5FB}.Debug|Any CPU.Build.0 = Debug|Any CPU
		{42BF0D0D-6C2F-462B-BFFC-6CB6848FC5FB}.Release|Any CPU.ActiveCfg = Release|Any CPU
		{42BF0D0D-6C2F-462B-BFFC-6CB6848FC5FB}.Release|Any CPU.Build.0 = Release|Any CPU
		{42A9E820-77F3-42C6-8FBF-A06F49A94138}.Debug|Any CPU.ActiveCfg = Debug|Any CPU
		{42A9E820-77F3-42C6-8FBF-A06F49A94138}.Debug|Any CPU.Build.0 = Debug|Any CPU
		{42A9E820-77F3-42C6-8FBF-A06F49A94138}.Release|Any CPU.ActiveCfg = Release|Any CPU
		{42A9E820-77F3-42C6-8FBF-A06F49A94138}.Release|Any CPU.Build.0 = Release|Any CPU
		{52F4FF9E-9114-4FBB-B3B5-105E811E716A}.Debug|Any CPU.ActiveCfg = Debug|Any CPU
		{52F4FF9E-9114-4FBB-B3B5-105E811E716A}.Debug|Any CPU.Build.0 = Debug|Any CPU
		{52F4FF9E-9114-4FBB-B3B5-105E811E716A}.Release|Any CPU.ActiveCfg = Release|Any CPU
		{52F4FF9E-9114-4FBB-B3B5-105E811E716A}.Release|Any CPU.Build.0 = Release|Any CPU
		{F8545478-545E-413E-AC4F-839315063B8F}.Debug|Any CPU.ActiveCfg = Debug|Any CPU
		{F8545478-545E-413E-AC4F-839315063B8F}.Debug|Any CPU.Build.0 = Debug|Any CPU
		{F8545478-545E-413E-AC4F-839315063B8F}.Release|Any CPU.ActiveCfg = Release|Any CPU
		{F8545478-545E-413E-AC4F-839315063B8F}.Release|Any CPU.Build.0 = Release|Any CPU
		{0840D339-BC53-45FF-8750-F485A95781FB}.Debug|Any CPU.ActiveCfg = Debug|Any CPU
		{0840D339-BC53-45FF-8750-F485A95781FB}.Debug|Any CPU.Build.0 = Debug|Any CPU
		{0840D339-BC53-45FF-8750-F485A95781FB}.Release|Any CPU.ActiveCfg = Release|Any CPU
		{0840D339-BC53-45FF-8750-F485A95781FB}.Release|Any CPU.Build.0 = Release|Any CPU
		{8644B63F-D703-4CAF-88A1-4F9D6A24E751}.Debug|Any CPU.ActiveCfg = Debug|Any CPU
		{8644B63F-D703-4CAF-88A1-4F9D6A24E751}.Debug|Any CPU.Build.0 = Debug|Any CPU
		{8644B63F-D703-4CAF-88A1-4F9D6A24E751}.Release|Any CPU.ActiveCfg = Release|Any CPU
		{8644B63F-D703-4CAF-88A1-4F9D6A24E751}.Release|Any CPU.Build.0 = Release|Any CPU
		{6E3582FA-B4CD-46A9-AB0B-B86AF03607D6}.Debug|Any CPU.ActiveCfg = Debug|Any CPU
		{6E3582FA-B4CD-46A9-AB0B-B86AF03607D6}.Debug|Any CPU.Build.0 = Debug|Any CPU
		{6E3582FA-B4CD-46A9-AB0B-B86AF03607D6}.Release|Any CPU.ActiveCfg = Release|Any CPU
		{6E3582FA-B4CD-46A9-AB0B-B86AF03607D6}.Release|Any CPU.Build.0 = Release|Any CPU
		{65B4CA4C-FF82-4A47-80CE-7D8B3ED254A5}.Debug|Any CPU.ActiveCfg = Debug|Any CPU
		{65B4CA4C-FF82-4A47-80CE-7D8B3ED254A5}.Debug|Any CPU.Build.0 = Debug|Any CPU
		{65B4CA4C-FF82-4A47-80CE-7D8B3ED254A5}.Release|Any CPU.ActiveCfg = Release|Any CPU
		{65B4CA4C-FF82-4A47-80CE-7D8B3ED254A5}.Release|Any CPU.Build.0 = Release|Any CPU
		{774440E6-8351-4006-81BB-E57BA8317271}.Debug|Any CPU.ActiveCfg = Debug|Any CPU
		{774440E6-8351-4006-81BB-E57BA8317271}.Debug|Any CPU.Build.0 = Debug|Any CPU
		{774440E6-8351-4006-81BB-E57BA8317271}.Release|Any CPU.ActiveCfg = Release|Any CPU
		{774440E6-8351-4006-81BB-E57BA8317271}.Release|Any CPU.Build.0 = Release|Any CPU
		{96EC70E3-94F5-4BDB-8FA4-7DEDC18A9803}.Debug|Any CPU.ActiveCfg = Debug|Any CPU
		{96EC70E3-94F5-4BDB-8FA4-7DEDC18A9803}.Debug|Any CPU.Build.0 = Debug|Any CPU
		{96EC70E3-94F5-4BDB-8FA4-7DEDC18A9803}.Release|Any CPU.ActiveCfg = Release|Any CPU
		{96EC70E3-94F5-4BDB-8FA4-7DEDC18A9803}.Release|Any CPU.Build.0 = Release|Any CPU
		{F1A84F4F-ACBB-4A43-986E-523CDB0E3DE1}.Debug|Any CPU.ActiveCfg = Debug|Any CPU
		{F1A84F4F-ACBB-4A43-986E-523CDB0E3DE1}.Debug|Any CPU.Build.0 = Debug|Any CPU
		{F1A84F4F-ACBB-4A43-986E-523CDB0E3DE1}.Release|Any CPU.ActiveCfg = Release|Any CPU
		{F1A84F4F-ACBB-4A43-986E-523CDB0E3DE1}.Release|Any CPU.Build.0 = Release|Any CPU
		{6AE6D519-BB85-4C8D-B5D4-7686AD7D1AC0}.Debug|Any CPU.ActiveCfg = Debug|Any CPU
		{6AE6D519-BB85-4C8D-B5D4-7686AD7D1AC0}.Debug|Any CPU.Build.0 = Debug|Any CPU
		{6AE6D519-BB85-4C8D-B5D4-7686AD7D1AC0}.Release|Any CPU.ActiveCfg = Release|Any CPU
		{6AE6D519-BB85-4C8D-B5D4-7686AD7D1AC0}.Release|Any CPU.Build.0 = Release|Any CPU
		{C0110757-62CC-4A18-BE6E-E678CA078B5E}.Debug|Any CPU.ActiveCfg = Debug|Any CPU
		{C0110757-62CC-4A18-BE6E-E678CA078B5E}.Debug|Any CPU.Build.0 = Debug|Any CPU
		{C0110757-62CC-4A18-BE6E-E678CA078B5E}.Release|Any CPU.ActiveCfg = Release|Any CPU
		{C0110757-62CC-4A18-BE6E-E678CA078B5E}.Release|Any CPU.Build.0 = Release|Any CPU
		{9E955073-DBC5-462C-A2EA-70E30D8CC4B9}.Debug|Any CPU.ActiveCfg = Debug|Any CPU
		{9E955073-DBC5-462C-A2EA-70E30D8CC4B9}.Debug|Any CPU.Build.0 = Debug|Any CPU
		{9E955073-DBC5-462C-A2EA-70E30D8CC4B9}.Release|Any CPU.ActiveCfg = Release|Any CPU
		{9E955073-DBC5-462C-A2EA-70E30D8CC4B9}.Release|Any CPU.Build.0 = Release|Any CPU
		{E07395FA-CF96-49AF-A72E-E94AF87A5AB3}.Debug|Any CPU.ActiveCfg = Debug|Any CPU
		{E07395FA-CF96-49AF-A72E-E94AF87A5AB3}.Debug|Any CPU.Build.0 = Debug|Any CPU
		{E07395FA-CF96-49AF-A72E-E94AF87A5AB3}.Release|Any CPU.ActiveCfg = Release|Any CPU
		{E07395FA-CF96-49AF-A72E-E94AF87A5AB3}.Release|Any CPU.Build.0 = Release|Any CPU
	EndGlobalSection
	GlobalSection(SolutionProperties) = preSolution
		HideSolutionNode = FALSE
	EndGlobalSection
	GlobalSection(NestedProjects) = preSolution
		{42BF0D0D-6C2F-462B-BFFC-6CB6848FC5FB} = {0BDC1BDA-39B1-4C34-AE19-86DCA5D44EC8}
		{42A9E820-77F3-42C6-8FBF-A06F49A94138} = {0BDC1BDA-39B1-4C34-AE19-86DCA5D44EC8}
		{52F4FF9E-9114-4FBB-B3B5-105E811E716A} = {0BDC1BDA-39B1-4C34-AE19-86DCA5D44EC8}
		{774440E6-8351-4006-81BB-E57BA8317271} = {0BDC1BDA-39B1-4C34-AE19-86DCA5D44EC8}
		{F1A84F4F-ACBB-4A43-986E-523CDB0E3DE1} = {0BDC1BDA-39B1-4C34-AE19-86DCA5D44EC8}
		{6AE6D519-BB85-4C8D-B5D4-7686AD7D1AC0} = {0BFF8163-6DCB-487A-B86D-DC35FF5E2C77}
		{C0110757-62CC-4A18-BE6E-E678CA078B5E} = {0BFF8163-6DCB-487A-B86D-DC35FF5E2C77}
		{9E955073-DBC5-462C-A2EA-70E30D8CC4B9} = {0BFF8163-6DCB-487A-B86D-DC35FF5E2C77}
		{E07395FA-CF96-49AF-A72E-E94AF87A5AB3} = {0BFF8163-6DCB-487A-B86D-DC35FF5E2C77}
	EndGlobalSection
	GlobalSection(ExtensibilityGlobals) = postSolution
		SolutionGuid = {94D0EF36-375D-44CC-A92D-EF372FF15CDF}
	EndGlobalSection
EndGlobal
