
Microsoft Visual Studio Solution File, Format Version 12.00
# Visual Studio Version 17
VisualStudioVersion = 17.11.35303.130
MinimumVisualStudioVersion = 10.0.40219.1
Project("{9A19103F-16F7-4668-BE54-9A1E7A4F7556}") = "Lecture2", "Lecture2\Lecture2.csproj", "{154AF05B-D41A-4B24-9F22-F57D11D99F18}"
EndProject
Project("{9A19103F-16F7-4668-BE54-9A1E7A4F7556}") = "Lecture3", "Lecture3\Lecture3.csproj", "{3279A8C2-0F8C-47BD-9A71-A085AE65D364}"
EndProject
Project("{9A19103F-16F7-4668-BE54-9A1E7A4F7556}") = "Lecture4", "Lecture4\Lecture4.csproj", "{18ECAADB-7010-41F1-B60A-DC6B76091E98}"
EndProject
Project("{9A19103F-16F7-4668-BE54-9A1E7A4F7556}") = "Lecture5", "Lecture5\Lecture5.csproj", "{BEEB6F81-6B4C-4091-85DA-0AE56D205831}"
EndProject
Project("{9A19103F-16F7-4668-BE54-9A1E7A4F7556}") = "Lecture6", "Lecture6\Lecture6.csproj", "{AB016271-027D-4EEF-9756-37017958254E}"
EndProject
Project("{9A19103F-16F7-4668-BE54-9A1E7A4F7556}") = "Algorithms", "Algorithms\Algorithms.csproj", "{E35F7268-FACD-42CB-A994-D418F314222E}"
EndProject
Project("{9A19103F-16F7-4668-BE54-9A1E7A4F7556}") = "Lecture7", "Lecture7\Lecture7.csproj", "{47234CB7-D66D-47BB-A128-F40F308D6099}"
EndProject
Project("{9A19103F-16F7-4668-BE54-9A1E7A4F7556}") = "Lecture8", "Lecture8\Lecture8.csproj", "{C710C6C3-F1CD-451D-BBE3-700E68E520BB}"
EndProject
Project("{9A19103F-16F7-4668-BE54-9A1E7A4F7556}") = "Lecture9", "Lecture9\Lecture9.csproj", "{86EE5B69-AC95-4E73-B203-5DF1FC80D072}"
EndProject
Project("{9A19103F-16F7-4668-BE54-9A1E7A4F7556}") = "Lecture10", "Lecture10\Lecture10.csproj", "{232B6571-0C8C-4BA7-BF36-C7E9311D127E}"
EndProject
Project("{9A19103F-16F7-4668-BE54-9A1E7A4F7556}") = "Lecture11", "Lecture11\Lecture11.csproj", "{62C60398-4BA1-4292-887D-070CA75B7636}"
EndProject
Project("{9A19103F-16F7-4668-BE54-9A1E7A4F7556}") = "Lecture12", "Lecture12\Lecture12.csproj", "{D39AD5F3-8376-4645-A23E-648494E442AA}"
EndProject
Project("{9A19103F-16F7-4668-BE54-9A1E7A4F7556}") = "Lecture13", "Lecture13\Lecture13.csproj", "{78D1815F-E3A1-4027-9F93-CB4AB9CEF032}"
EndProject
Project("{FAE04EC0-301F-11D3-BF4B-00C04F79EFBC}") = "Lecture14", "Lecture14\Lecture14.csproj", "{717B6317-EA3C-40F0-9A3B-B4B8A19BE231}"
EndProject
Global
	GlobalSection(SolutionConfigurationPlatforms) = preSolution
		Debug|Any CPU = Debug|Any CPU
		Release|Any CPU = Release|Any CPU
	EndGlobalSection
	GlobalSection(ProjectConfigurationPlatforms) = postSolution
		{154AF05B-D41A-4B24-9F22-F57D11D99F18}.Debug|Any CPU.ActiveCfg = Debug|Any CPU
		{154AF05B-D41A-4B24-9F22-F57D11D99F18}.Debug|Any CPU.Build.0 = Debug|Any CPU
		{154AF05B-D41A-4B24-9F22-F57D11D99F18}.Release|Any CPU.ActiveCfg = Release|Any CPU
		{154AF05B-D41A-4B24-9F22-F57D11D99F18}.Release|Any CPU.Build.0 = Release|Any CPU
		{3279A8C2-0F8C-47BD-9A71-A085AE65D364}.Debug|Any CPU.ActiveCfg = Debug|Any CPU
		{3279A8C2-0F8C-47BD-9A71-A085AE65D364}.Debug|Any CPU.Build.0 = Debug|Any CPU
		{3279A8C2-0F8C-47BD-9A71-A085AE65D364}.Release|Any CPU.ActiveCfg = Release|Any CPU
		{3279A8C2-0F8C-47BD-9A71-A085AE65D364}.Release|Any CPU.Build.0 = Release|Any CPU
		{18ECAADB-7010-41F1-B60A-DC6B76091E98}.Debug|Any CPU.ActiveCfg = Debug|Any CPU
		{18ECAADB-7010-41F1-B60A-DC6B76091E98}.Debug|Any CPU.Build.0 = Debug|Any CPU
		{18ECAADB-7010-41F1-B60A-DC6B76091E98}.Release|Any CPU.ActiveCfg = Release|Any CPU
		{18ECAADB-7010-41F1-B60A-DC6B76091E98}.Release|Any CPU.Build.0 = Release|Any CPU
		{BEEB6F81-6B4C-4091-85DA-0AE56D205831}.Debug|Any CPU.ActiveCfg = Debug|Any CPU
		{BEEB6F81-6B4C-4091-85DA-0AE56D205831}.Debug|Any CPU.Build.0 = Debug|Any CPU
		{BEEB6F81-6B4C-4091-85DA-0AE56D205831}.Release|Any CPU.ActiveCfg = Release|Any CPU
		{BEEB6F81-6B4C-4091-85DA-0AE56D205831}.Release|Any CPU.Build.0 = Release|Any CPU
		{AB016271-027D-4EEF-9756-37017958254E}.Debug|Any CPU.ActiveCfg = Debug|Any CPU
		{AB016271-027D-4EEF-9756-37017958254E}.Debug|Any CPU.Build.0 = Debug|Any CPU
		{AB016271-027D-4EEF-9756-37017958254E}.Release|Any CPU.ActiveCfg = Release|Any CPU
		{AB016271-027D-4EEF-9756-37017958254E}.Release|Any CPU.Build.0 = Release|Any CPU
		{E35F7268-FACD-42CB-A994-D418F314222E}.Debug|Any CPU.ActiveCfg = Debug|Any CPU
		{E35F7268-FACD-42CB-A994-D418F314222E}.Debug|Any CPU.Build.0 = Debug|Any CPU
		{E35F7268-FACD-42CB-A994-D418F314222E}.Release|Any CPU.ActiveCfg = Release|Any CPU
		{E35F7268-FACD-42CB-A994-D418F314222E}.Release|Any CPU.Build.0 = Release|Any CPU
		{47234CB7-D66D-47BB-A128-F40F308D6099}.Debug|Any CPU.ActiveCfg = Debug|Any CPU
		{47234CB7-D66D-47BB-A128-F40F308D6099}.Debug|Any CPU.Build.0 = Debug|Any CPU
		{47234CB7-D66D-47BB-A128-F40F308D6099}.Release|Any CPU.ActiveCfg = Release|Any CPU
		{47234CB7-D66D-47BB-A128-F40F308D6099}.Release|Any CPU.Build.0 = Release|Any CPU
		{C710C6C3-F1CD-451D-BBE3-700E68E520BB}.Debug|Any CPU.ActiveCfg = Debug|Any CPU
		{C710C6C3-F1CD-451D-BBE3-700E68E520BB}.Debug|Any CPU.Build.0 = Debug|Any CPU
		{C710C6C3-F1CD-451D-BBE3-700E68E520BB}.Release|Any CPU.ActiveCfg = Release|Any CPU
		{C710C6C3-F1CD-451D-BBE3-700E68E520BB}.Release|Any CPU.Build.0 = Release|Any CPU
		{86EE5B69-AC95-4E73-B203-5DF1FC80D072}.Debug|Any CPU.ActiveCfg = Debug|Any CPU
		{86EE5B69-AC95-4E73-B203-5DF1FC80D072}.Debug|Any CPU.Build.0 = Debug|Any CPU
		{86EE5B69-AC95-4E73-B203-5DF1FC80D072}.Release|Any CPU.ActiveCfg = Release|Any CPU
		{86EE5B69-AC95-4E73-B203-5DF1FC80D072}.Release|Any CPU.Build.0 = Release|Any CPU
		{232B6571-0C8C-4BA7-BF36-C7E9311D127E}.Debug|Any CPU.ActiveCfg = Debug|Any CPU
		{232B6571-0C8C-4BA7-BF36-C7E9311D127E}.Debug|Any CPU.Build.0 = Debug|Any CPU
		{232B6571-0C8C-4BA7-BF36-C7E9311D127E}.Release|Any CPU.ActiveCfg = Release|Any CPU
		{232B6571-0C8C-4BA7-BF36-C7E9311D127E}.Release|Any CPU.Build.0 = Release|Any CPU
		{62C60398-4BA1-4292-887D-070CA75B7636}.Debug|Any CPU.ActiveCfg = Debug|Any CPU
		{62C60398-4BA1-4292-887D-070CA75B7636}.Debug|Any CPU.Build.0 = Debug|Any CPU
		{62C60398-4BA1-4292-887D-070CA75B7636}.Release|Any CPU.ActiveCfg = Release|Any CPU
		{62C60398-4BA1-4292-887D-070CA75B7636}.Release|Any CPU.Build.0 = Release|Any CPU
		{D39AD5F3-8376-4645-A23E-648494E442AA}.Debug|Any CPU.ActiveCfg = Debug|Any CPU
		{D39AD5F3-8376-4645-A23E-648494E442AA}.Debug|Any CPU.Build.0 = Debug|Any CPU
		{D39AD5F3-8376-4645-A23E-648494E442AA}.Release|Any CPU.ActiveCfg = Release|Any CPU
		{D39AD5F3-8376-4645-A23E-648494E442AA}.Release|Any CPU.Build.0 = Release|Any CPU
		{78D1815F-E3A1-4027-9F93-CB4AB9CEF032}.Debug|Any CPU.ActiveCfg = Debug|Any CPU
		{78D1815F-E3A1-4027-9F93-CB4AB9CEF032}.Debug|Any CPU.Build.0 = Debug|Any CPU
		{78D1815F-E3A1-4027-9F93-CB4AB9CEF032}.Release|Any CPU.ActiveCfg = Release|Any CPU
		{78D1815F-E3A1-4027-9F93-CB4AB9CEF032}.Release|Any CPU.Build.0 = Release|Any CPU
		{717B6317-EA3C-40F0-9A3B-B4B8A19BE231}.Debug|Any CPU.ActiveCfg = Debug|Any CPU
		{717B6317-EA3C-40F0-9A3B-B4B8A19BE231}.Debug|Any CPU.Build.0 = Debug|Any CPU
		{717B6317-EA3C-40F0-9A3B-B4B8A19BE231}.Release|Any CPU.ActiveCfg = Release|Any CPU
		{717B6317-EA3C-40F0-9A3B-B4B8A19BE231}.Release|Any CPU.Build.0 = Release|Any CPU
	EndGlobalSection
	GlobalSection(SolutionProperties) = preSolution
		HideSolutionNode = FALSE
	EndGlobalSection
	GlobalSection(ExtensibilityGlobals) = postSolution
		SolutionGuid = {94D0EF36-375D-44CC-A92D-EF372FF15CDF}
	EndGlobalSection
EndGlobal
